
Microsoft Visual Studio Solution File, Format Version 12.00
# Visual Studio Version 16
VisualStudioVersion = 16.0.31729.503
MinimumVisualStudioVersion = 10.0.40219.1
Project("{9A19103F-16F7-4668-BE54-9A1E7A4F7556}") = "secretsantaapp", "secretsantaapp\secretsantaapp.csproj", "{24EDB536-996E-48DA-88FA-E7E8816C0AF1}"
EndProject
Project("{9A19103F-16F7-4668-BE54-9A1E7A4F7556}") = "secretsantaapp.Model", "secretsantaapp.Model\secretsantaapp.Model.csproj", "{51E68B40-02F9-436C-A3F3-DF73A988CE32}"
EndProject
Project("{2150E333-8FDC-42A3-9474-1A3956D46DE8}") = "secretsantaapp.WinUI", "secretsantaapp.WinUI", "{F2B0735E-EBCC-4EBB-A0B8-31CDAD585094}"
EndProject
Project("{9A19103F-16F7-4668-BE54-9A1E7A4F7556}") = "secretsantaapp.WinUI", "secretsantaapp.WinUI\secretsantaapp.WinUI.csproj", "{35C64687-E516-4638-AB70-D045E1441010}"
EndProject
Global
	GlobalSection(SolutionConfigurationPlatforms) = preSolution
		Debug|Any CPU = Debug|Any CPU
		Release|Any CPU = Release|Any CPU
	EndGlobalSection
	GlobalSection(ProjectConfigurationPlatforms) = postSolution
		{24EDB536-996E-48DA-88FA-E7E8816C0AF1}.Debug|Any CPU.ActiveCfg = Debug|Any CPU
		{24EDB536-996E-48DA-88FA-E7E8816C0AF1}.Debug|Any CPU.Build.0 = Debug|Any CPU
		{24EDB536-996E-48DA-88FA-E7E8816C0AF1}.Release|Any CPU.ActiveCfg = Release|Any CPU
		{24EDB536-996E-48DA-88FA-E7E8816C0AF1}.Release|Any CPU.Build.0 = Release|Any CPU
		{51E68B40-02F9-436C-A3F3-DF73A988CE32}.Debug|Any CPU.ActiveCfg = Debug|Any CPU
		{51E68B40-02F9-436C-A3F3-DF73A988CE32}.Debug|Any CPU.Build.0 = Debug|Any CPU
		{51E68B40-02F9-436C-A3F3-DF73A988CE32}.Release|Any CPU.ActiveCfg = Release|Any CPU
		{51E68B40-02F9-436C-A3F3-DF73A988CE32}.Release|Any CPU.Build.0 = Release|Any CPU
		{35C64687-E516-4638-AB70-D045E1441010}.Debug|Any CPU.ActiveCfg = Debug|Any CPU
		{35C64687-E516-4638-AB70-D045E1441010}.Debug|Any CPU.Build.0 = Debug|Any CPU
		{35C64687-E516-4638-AB70-D045E1441010}.Release|Any CPU.ActiveCfg = Release|Any CPU
		{35C64687-E516-4638-AB70-D045E1441010}.Release|Any CPU.Build.0 = Release|Any CPU
	EndGlobalSection
	GlobalSection(SolutionProperties) = preSolution
		HideSolutionNode = FALSE
	EndGlobalSection
	GlobalSection(NestedProjects) = preSolution
		{35C64687-E516-4638-AB70-D045E1441010} = {F2B0735E-EBCC-4EBB-A0B8-31CDAD585094}
	EndGlobalSection
	GlobalSection(ExtensibilityGlobals) = postSolution
		SolutionGuid = {331C3117-AD3B-41AE-9266-71CEAB7AF7B2}
	EndGlobalSection
EndGlobal
